Microsoft Visual Studio Solution File, Format Version 11.00
# Visual Studio 2008

Project("{2216355D-14AB-BC1A-80DA-DD4F881C0F39}") = "ComputeShader", "Assembly-CSharp-firstpass.csproj", "{663BABA3-4405-E71D-7A56-3532C1E5B2A4}"
EndProject
Project("{2216355D-14AB-BC1A-80DA-DD4F881C0F39}") = "ComputeShader", "Assembly-CSharp.csproj", "{B18CEE81-0E67-C3B0-3E2F-9B1163A9EE47}"
EndProject
Project("{2216355D-14AB-BC1A-80DA-DD4F881C0F39}") = "ComputeShader", "Assembly-CSharp-Editor.csproj", "{0A842E93-4B7C-8186-805E-383FF1DB58DE}"
EndProject
Global
	GlobalSection(SolutionConfigurationPlatforms) = preSolution
		Debug|Any CPU = Debug|Any CPU
		Release|Any CPU = Release|Any CPU
	EndGlobalSection
	GlobalSection(ProjectConfigurationPlatforms) = postSolution
		{663BABA3-4405-E71D-7A56-3532C1E5B2A4}.Debug|Any CPU.ActiveCfg = Debug|Any CPU
		{663BABA3-4405-E71D-7A56-3532C1E5B2A4}.Debug|Any CPU.Build.0 = Debug|Any CPU
		{663BABA3-4405-E71D-7A56-3532C1E5B2A4}.Release|Any CPU.ActiveCfg = Release|Any CPU
		{663BABA3-4405-E71D-7A56-3532C1E5B2A4}.Release|Any CPU.Build.0 = Release|Any CPU
		{B18CEE81-0E67-C3B0-3E2F-9B1163A9EE47}.Debug|Any CPU.ActiveCfg = Debug|Any CPU
		{B18CEE81-0E67-C3B0-3E2F-9B1163A9EE47}.Debug|Any CPU.Build.0 = Debug|Any CPU
		{B18CEE81-0E67-C3B0-3E2F-9B1163A9EE47}.Release|Any CPU.ActiveCfg = Release|Any CPU
		{B18CEE81-0E67-C3B0-3E2F-9B1163A9EE47}.Release|Any CPU.Build.0 = Release|Any CPU
		{0A842E93-4B7C-8186-805E-383FF1DB58DE}.Debug|Any CPU.ActiveCfg = Debug|Any CPU
		{0A842E93-4B7C-8186-805E-383FF1DB58DE}.Debug|Any CPU.Build.0 = Debug|Any CPU
		{0A842E93-4B7C-8186-805E-383FF1DB58DE}.Release|Any CPU.ActiveCfg = Release|Any CPU
		{0A842E93-4B7C-8186-805E-383FF1DB58DE}.Release|Any CPU.Build.0 = Release|Any CPU
	EndGlobalSection
	GlobalSection(SolutionProperties) = preSolution
		HideSolutionNode = FALSE
	EndGlobalSection
	GlobalSection(MonoDevelopProperties) = preSolution
		StartupItem = Assembly-CSharp.csproj
	EndGlobalSection
EndGlobal
